
Microsoft Visual Studio Solution File, Format Version 12.00
# Visual Studio Version 16
VisualStudioVersion = 16.0.30804.86
MinimumVisualStudioVersion = 10.0.40219.1
Project("{FAE04EC0-301F-11D3-BF4B-00C04F79EFBC}") = "EncoderOutput", "EncoderOutput\EncoderOutput.csproj", "{DEA21011-B29F-4646-8D22-88839A4BAFAF}"
EndProject
Global
	GlobalSection(SolutionConfigurationPlatforms) = preSolution
		Debug|Any CPU = Debug|Any CPU
		Release|Any CPU = Release|Any CPU
	EndGlobalSection
	GlobalSection(ProjectConfigurationPlatforms) = postSolution
		{DEA21011-B29F-4646-8D22-88839A4BAFAF}.Debug|Any CPU.ActiveCfg = Debug|Any CPU
		{DEA21011-B29F-4646-8D22-88839A4BAFAF}.Debug|Any CPU.Build.0 = Debug|Any CPU
		{DEA21011-B29F-4646-8D22-88839A4BAFAF}.Release|Any CPU.ActiveCfg = Release|Any CPU
		{DEA21011-B29F-4646-8D22-88839A4BAFAF}.Release|Any CPU.Build.0 = Release|Any CPU
	EndGlobalSection
	GlobalSection(SolutionProperties) = preSolution
		HideSolutionNode = FALSE
	EndGlobalSection
	GlobalSection(ExtensibilityGlobals) = postSolution
		SolutionGuid = {737951FE-9496-40E8-B6C0-46BA634B63ED}
	EndGlobalSection
EndGlobal
